
Microsoft Visual Studio Solution File, Format Version 12.00
# Visual Studio Version 17
VisualStudioVersion = 17.8.34525.116
MinimumVisualStudioVersion = 10.0.40219.1
Project("{F184B08F-C81C-45F6-A57F-5ABD9991F28F}") = "Parcial2,KennethCastellon", "Parcial2,KennethCastellon.vbproj", "{12D0F41E-2A53-4B7E-8B01-3A87231ABD86}"
EndProject
Global
	GlobalSection(SolutionConfigurationPlatforms) = preSolution
		Debug|Any CPU = Debug|Any CPU
		Release|Any CPU = Release|Any CPU
	EndGlobalSection
	GlobalSection(ProjectConfigurationPlatforms) = postSolution
		{12D0F41E-2A53-4B7E-8B01-3A87231ABD86}.Debug|Any CPU.ActiveCfg = Debug|Any CPU
		{12D0F41E-2A53-4B7E-8B01-3A87231ABD86}.Debug|Any CPU.Build.0 = Debug|Any CPU
		{12D0F41E-2A53-4B7E-8B01-3A87231ABD86}.Release|Any CPU.ActiveCfg = Release|Any CPU
		{12D0F41E-2A53-4B7E-8B01-3A87231ABD86}.Release|Any CPU.Build.0 = Release|Any CPU
	EndGlobalSection
	GlobalSection(SolutionProperties) = preSolution
		HideSolutionNode = FALSE
	EndGlobalSection
	GlobalSection(ExtensibilityGlobals) = postSolution
		SolutionGuid = {0639AC06-7B0C-4E26-BCF9-9D5FD2160CFE}
	EndGlobalSection
EndGlobal
